
Microsoft Visual Studio Solution File, Format Version 12.00
# Visual Studio Version 16
VisualStudioVersion = 16.0.33927.289
MinimumVisualStudioVersion = 10.0.40219.1
Project("{FAE04EC0-301F-11D3-BF4B-00C04F79EFBC}") = "Tyuiu.PustobaevDO.Sprint4.Task0.V6.Test", "Tyuiu.PustobaevDO.Sprint4.Task0.V6.Test\Tyuiu.PustobaevDO.Sprint4.Task0.V6.Test.csproj", "{44D2D1A8-62EA-4B9E-9659-2C9F0624A705}"
EndProject
Project("{FAE04EC0-301F-11D3-BF4B-00C04F79EFBC}") = "Tyuiu.PustobaevDO.Sprint4.Task0.V6.Lib", "Tyuiu.PustobaevDO.Sprint4.Task0.V6.Lib\Tyuiu.PustobaevDO.Sprint4.Task0.V6.Lib.csproj", "{3C65C84B-2691-4E7D-A525-D3CEEE797DFE}"
EndProject
Project("{FAE04EC0-301F-11D3-BF4B-00C04F79EFBC}") = "Tyuiu.PustobaevDO.Sprint4.Task0.V6", "Tyuiu.PustobaevDO.Sprint4.Task0.V6\Tyuiu.PustobaevDO.Sprint4.Task0.V6.csproj", "{76FAF117-1399-40A8-8F28-47559E802732}"
EndProject
Project("{2150E333-8FDC-42A3-9474-1A3956D46DE8}") = "Task0", "Task0", "{8945436B-3A55-4BB4-B40A-94D717DFE26F}"
EndProject
Project("{2150E333-8FDC-42A3-9474-1A3956D46DE8}") = "Task1", "Task1", "{497F5E9B-0CDC-436A-9809-EEC3527CF0D1}"
EndProject
Project("{FAE04EC0-301F-11D3-BF4B-00C04F79EFBC}") = "Tyuiu.PustobaevDO.Sprint4.Task1.V17", "Tyuiu.PustobaevDO.Sprint4.Task1.V17\Tyuiu.PustobaevDO.Sprint4.Task1.V17.csproj", "{EB5DF643-3A18-453A-99BA-E1FCCE09ADE4}"
EndProject
Project("{FAE04EC0-301F-11D3-BF4B-00C04F79EFBC}") = "Tyuiu.PustobaevDO.Sprint4.Task1.V17.Lib", "Tyuiu.PustobaevDO.Sprint4.Task1.V17.Lib\Tyuiu.PustobaevDO.Sprint4.Task1.V17.Lib.csproj", "{06346E6F-E5A2-478F-A3CD-37FFEA87D578}"
EndProject
Project("{FAE04EC0-301F-11D3-BF4B-00C04F79EFBC}") = "Tyuiu.PustobaevDO.Sprint4.Task1.V17.Test", "Tyuiu.PustobaevDO.Sprint4.Task1.V17.Test\Tyuiu.PustobaevDO.Sprint4.Task1.V17.Test.csproj", "{A0160A00-4B7F-4421-A5EB-44A4FC33F683}"
EndProject
Project("{2150E333-8FDC-42A3-9474-1A3956D46DE8}") = "Task2", "Task2", "{5A054B3C-3B81-42DB-AF48-DAEDCD898ADB}"
EndProject
Project("{FAE04EC0-301F-11D3-BF4B-00C04F79EFBC}") = "Tyuiu.PustobaevDO.Sprint4.Task2.V26", "Tyuiu.PustobaevDO.Sprint4.Task2.V26\Tyuiu.PustobaevDO.Sprint4.Task2.V26.csproj", "{AEE52B4F-4082-4AC7-A3D7-7F193EB3CB33}"
EndProject
Project("{FAE04EC0-301F-11D3-BF4B-00C04F79EFBC}") = "Tyuiu.PustobaevDO.Sprint4.Task2.V26.Test", "Tyuiu.PustobaevDO.Sprint4.Task2.V26.Test\Tyuiu.PustobaevDO.Sprint4.Task2.V26.Test.csproj", "{18C48A3E-3451-4EFE-90AD-BF5B373168EF}"
EndProject
Project("{FAE04EC0-301F-11D3-BF4B-00C04F79EFBC}") = "Tyuiu.PustobaevDO.Sprint4.Task2.V26.Lib", "Tyuiu.PustobaevDO.Sprint4.Task2.V26.Lib\Tyuiu.PustobaevDO.Sprint4.Task2.V26.Lib.csproj", "{29AE2D7E-2847-421F-9392-7260A9DD47D6}"
EndProject
Project("{2150E333-8FDC-42A3-9474-1A3956D46DE8}") = "Task3", "Task3", "{063663A7-870B-42F0-B680-19F21BED409C}"
EndProject
Project("{FAE04EC0-301F-11D3-BF4B-00C04F79EFBC}") = "Tyuiu.PustobaevDO.Sprint4.Task3.V16", "Tyuiu.PustobaevDO.Sprint4.Task3.V16\Tyuiu.PustobaevDO.Sprint4.Task3.V16.csproj", "{73F79B16-5486-4405-B22C-07854A174A5D}"
EndProject
Project("{FAE04EC0-301F-11D3-BF4B-00C04F79EFBC}") = "Tyuiu.PustobaevDO.Sprint4.Task3.V16.Lib", "Tyuiu.PustobaevDO.Sprint4.Task3.V16.Lib\Tyuiu.PustobaevDO.Sprint4.Task3.V16.Lib.csproj", "{ADA4E6A3-D932-4166-9464-F11C38F7A89A}"
EndProject
Project("{FAE04EC0-301F-11D3-BF4B-00C04F79EFBC}") = "Tyuiu.PustobaevDO.Sprint4.Task3.V16.Test", "Tyuiu.PustobaevDO.Sprint4.Task3.V16.Test\Tyuiu.PustobaevDO.Sprint4.Task3.V16.Test.csproj", "{2B77B3D1-6AF4-4090-B6DD-2E34000C5A8D}"
EndProject
Project("{2150E333-8FDC-42A3-9474-1A3956D46DE8}") = "Task4", "Task4", "{8C073B60-9CBB-4A35-BB36-3E9E395B0856}"
EndProject
Project("{FAE04EC0-301F-11D3-BF4B-00C04F79EFBC}") = "Tyuiu.PustobaevDO.Sprint4.Task4.V21", "Tyuiu.PustobaevDO.Sprint4.Task4.V21\Tyuiu.PustobaevDO.Sprint4.Task4.V21.csproj", "{76727345-0489-48E7-9159-08F896C31D0C}"
EndProject
Project("{FAE04EC0-301F-11D3-BF4B-00C04F79EFBC}") = "Tyuiu.PustobaevDO.Sprint4.Task4.V21.Test", "Tyuiu.PustobaevDO.Sprint4.Task4.V21.Test\Tyuiu.PustobaevDO.Sprint4.Task4.V21.Test.csproj", "{7C15DF47-2DAB-4E54-933D-E81CF4E41B41}"
EndProject
Project("{FAE04EC0-301F-11D3-BF4B-00C04F79EFBC}") = "Tyuiu.PustobaevDO.Sprint4.Task4.V21.Lib", "Tyuiu.PustobaevDO.Sprint4.Task4.V21.Lib\Tyuiu.PustobaevDO.Sprint4.Task4.V21.Lib.csproj", "{F9D76BA8-69A2-40A3-A178-C655D8261CD6}"
EndProject
Project("{2150E333-8FDC-42A3-9474-1A3956D46DE8}") = "Task5", "Task5", "{13319139-F04C-4085-B414-F395A4A9D97B}"
EndProject
Project("{FAE04EC0-301F-11D3-BF4B-00C04F79EFBC}") = "Tyuiu.PustobaevDO.Sprint4.Task5.V6", "Tyuiu.PustobaevDO.Sprint4.Task5.V6\Tyuiu.PustobaevDO.Sprint4.Task5.V6.csproj", "{26035AC6-0550-482C-A3E3-3D2DE0DDF5DB}"
EndProject
Project("{FAE04EC0-301F-11D3-BF4B-00C04F79EFBC}") = "Tyuiu.PustobaevDO.Sprint4.Task5.V6.Lib", "Tyuiu.PustobaevDO.Sprint4.Task5.V6.Lib\Tyuiu.PustobaevDO.Sprint4.Task5.V6.Lib.csproj", "{03547F52-37BE-42A7-A073-EA12C6F427D3}"
EndProject
Project("{FAE04EC0-301F-11D3-BF4B-00C04F79EFBC}") = "Tyuiu.PustobaevDO.Sprint4.Task5.V6.Test", "Tyuiu.PustobaevDO.Sprint4.Task5.V6.Test\Tyuiu.PustobaevDO.Sprint4.Task5.V6.Test.csproj", "{B83A9CB9-B527-49B6-A0F5-4C6836CA6186}"
EndProject
Project("{2150E333-8FDC-42A3-9474-1A3956D46DE8}") = "Task6", "Task6", "{0EA092DE-2F0A-4E82-AC0C-D3293F6A30BB}"
EndProject
Project("{FAE04EC0-301F-11D3-BF4B-00C04F79EFBC}") = "Tyuiu.PustobaevDO.Sprint4.Task6.V20", "Tyuiu.PustobaevDO.Sprint4.Task6.V20\Tyuiu.PustobaevDO.Sprint4.Task6.V20.csproj", "{3854F6B1-ADD9-48C5-B9F1-34E99CDE788D}"
EndProject
Project("{FAE04EC0-301F-11D3-BF4B-00C04F79EFBC}") = "Tyuiu.PustobaevDO.Sprint4.Task6.V20.Test", "Tyuiu.PustobaevDO.Sprint4.Task6.V20.Test\Tyuiu.PustobaevDO.Sprint4.Task6.V20.Test.csproj", "{5B89225F-4C7B-489D-8B0D-A20D636DBF53}"
EndProject
Project("{FAE04EC0-301F-11D3-BF4B-00C04F79EFBC}") = "Tyuiu.PustobaevDO.Sprint4.Task6.V20.Lib", "Tyuiu.PustobaevDO.Sprint4.Task6.V20.Lib\Tyuiu.PustobaevDO.Sprint4.Task6.V20.Lib.csproj", "{A13286C6-9CA7-46AD-B786-7EE702B77A6C}"
EndProject
Global
	GlobalSection(SolutionConfigurationPlatforms) = preSolution
		Debug|Any CPU = Debug|Any CPU
		Release|Any CPU = Release|Any CPU
	EndGlobalSection
	GlobalSection(ProjectConfigurationPlatforms) = postSolution
		{44D2D1A8-62EA-4B9E-9659-2C9F0624A705}.Debug|Any CPU.ActiveCfg = Debug|Any CPU
		{44D2D1A8-62EA-4B9E-9659-2C9F0624A705}.Debug|Any CPU.Build.0 = Debug|Any CPU
		{44D2D1A8-62EA-4B9E-9659-2C9F0624A705}.Release|Any CPU.ActiveCfg = Release|Any CPU
		{44D2D1A8-62EA-4B9E-9659-2C9F0624A705}.Release|Any CPU.Build.0 = Release|Any CPU
		{3C65C84B-2691-4E7D-A525-D3CEEE797DFE}.Debug|Any CPU.ActiveCfg = Debug|Any CPU
		{3C65C84B-2691-4E7D-A525-D3CEEE797DFE}.Debug|Any CPU.Build.0 = Debug|Any CPU
		{3C65C84B-2691-4E7D-A525-D3CEEE797DFE}.Release|Any CPU.ActiveCfg = Release|Any CPU
		{3C65C84B-2691-4E7D-A525-D3CEEE797DFE}.Release|Any CPU.Build.0 = Release|Any CPU
		{76FAF117-1399-40A8-8F28-47559E802732}.Debug|Any CPU.ActiveCfg = Debug|Any CPU
		{76FAF117-1399-40A8-8F28-47559E802732}.Debug|Any CPU.Build.0 = Debug|Any CPU
		{76FAF117-1399-40A8-8F28-47559E802732}.Release|Any CPU.ActiveCfg = Release|Any CPU
		{76FAF117-1399-40A8-8F28-47559E802732}.Release|Any CPU.Build.0 = Release|Any CPU
		{EB5DF643-3A18-453A-99BA-E1FCCE09ADE4}.Debug|Any CPU.ActiveCfg = Debug|Any CPU
		{EB5DF643-3A18-453A-99BA-E1FCCE09ADE4}.Debug|Any CPU.Build.0 = Debug|Any CPU
		{EB5DF643-3A18-453A-99BA-E1FCCE09ADE4}.Release|Any CPU.ActiveCfg = Release|Any CPU
		{EB5DF643-3A18-453A-99BA-E1FCCE09ADE4}.Release|Any CPU.Build.0 = Release|Any CPU
		{06346E6F-E5A2-478F-A3CD-37FFEA87D578}.Debug|Any CPU.ActiveCfg = Debug|Any CPU
		{06346E6F-E5A2-478F-A3CD-37FFEA87D578}.Debug|Any CPU.Build.0 = Debug|Any CPU
		{06346E6F-E5A2-478F-A3CD-37FFEA87D578}.Release|Any CPU.ActiveCfg = Release|Any CPU
		{06346E6F-E5A2-478F-A3CD-37FFEA87D578}.Release|Any CPU.Build.0 = Release|Any CPU
		{A0160A00-4B7F-4421-A5EB-44A4FC33F683}.Debug|Any CPU.ActiveCfg = Debug|Any CPU
		{A0160A00-4B7F-4421-A5EB-44A4FC33F683}.Debug|Any CPU.Build.0 = Debug|Any CPU
		{A0160A00-4B7F-4421-A5EB-44A4FC33F683}.Release|Any CPU.ActiveCfg = Release|Any CPU
		{A0160A00-4B7F-4421-A5EB-44A4FC33F683}.Release|Any CPU.Build.0 = Release|Any CPU
		{AEE52B4F-4082-4AC7-A3D7-7F193EB3CB33}.Debug|Any CPU.ActiveCfg = Debug|Any CPU
		{AEE52B4F-4082-4AC7-A3D7-7F193EB3CB33}.Debug|Any CPU.Build.0 = Debug|Any CPU
		{AEE52B4F-4082-4AC7-A3D7-7F193EB3CB33}.Release|Any CPU.ActiveCfg = Release|Any CPU
		{AEE52B4F-4082-4AC7-A3D7-7F193EB3CB33}.Release|Any CPU.Build.0 = Release|Any CPU
		{18C48A3E-3451-4EFE-90AD-BF5B373168EF}.Debug|Any CPU.ActiveCfg = Debug|Any CPU
		{18C48A3E-3451-4EFE-90AD-BF5B373168EF}.Debug|Any CPU.Build.0 = Debug|Any CPU
		{18C48A3E-3451-4EFE-90AD-BF5B373168EF}.Release|Any CPU.ActiveCfg = Release|Any CPU
		{18C48A3E-3451-4EFE-90AD-BF5B373168EF}.Release|Any CPU.Build.0 = Release|Any CPU
		{29AE2D7E-2847-421F-9392-7260A9DD47D6}.Debug|Any CPU.ActiveCfg = Debug|Any CPU
		{29AE2D7E-2847-421F-9392-7260A9DD47D6}.Debug|Any CPU.Build.0 = Debug|Any CPU
		{29AE2D7E-2847-421F-9392-7260A9DD47D6}.Release|Any CPU.ActiveCfg = Release|Any CPU
		{29AE2D7E-2847-421F-9392-7260A9DD47D6}.Release|Any CPU.Build.0 = Release|Any CPU
		{73F79B16-5486-4405-B22C-07854A174A5D}.Debug|Any CPU.ActiveCfg = Debug|Any CPU
		{73F79B16-5486-4405-B22C-07854A174A5D}.Debug|Any CPU.Build.0 = Debug|Any CPU
		{73F79B16-5486-4405-B22C-07854A174A5D}.Release|Any CPU.ActiveCfg = Release|Any CPU
		{73F79B16-5486-4405-B22C-07854A174A5D}.Release|Any CPU.Build.0 = Release|Any CPU
		{ADA4E6A3-D932-4166-9464-F11C38F7A89A}.Debug|Any CPU.ActiveCfg = Debug|Any CPU
		{ADA4E6A3-D932-4166-9464-F11C38F7A89A}.Debug|Any CPU.Build.0 = Debug|Any CPU
		{ADA4E6A3-D932-4166-9464-F11C38F7A89A}.Release|Any CPU.ActiveCfg = Release|Any CPU
		{ADA4E6A3-D932-4166-9464-F11C38F7A89A}.Release|Any CPU.Build.0 = Release|Any CPU
		{2B77B3D1-6AF4-4090-B6DD-2E34000C5A8D}.Debug|Any CPU.ActiveCfg = Debug|Any CPU
		{2B77B3D1-6AF4-4090-B6DD-2E34000C5A8D}.Debug|Any CPU.Build.0 = Debug|Any CPU
		{2B77B3D1-6AF4-4090-B6DD-2E34000C5A8D}.Release|Any CPU.ActiveCfg = Release|Any CPU
		{2B77B3D1-6AF4-4090-B6DD-2E34000C5A8D}.Release|Any CPU.Build.0 = Release|Any CPU
		{76727345-0489-48E7-9159-08F896C31D0C}.Debug|Any CPU.ActiveCfg = Debug|Any CPU
		{76727345-0489-48E7-9159-08F896C31D0C}.Debug|Any CPU.Build.0 = Debug|Any CPU
		{76727345-0489-48E7-9159-08F896C31D0C}.Release|Any CPU.ActiveCfg = Release|Any CPU
		{76727345-0489-48E7-9159-08F896C31D0C}.Release|Any CPU.Build.0 = Release|Any CPU
		{7C15DF47-2DAB-4E54-933D-E81CF4E41B41}.Debug|Any CPU.ActiveCfg = Debug|Any CPU
		{7C15DF47-2DAB-4E54-933D-E81CF4E41B41}.Debug|Any CPU.Build.0 = Debug|Any CPU
		{7C15DF47-2DAB-4E54-933D-E81CF4E41B41}.Release|Any CPU.ActiveCfg = Release|Any CPU
		{7C15DF47-2DAB-4E54-933D-E81CF4E41B41}.Release|Any CPU.Build.0 = Release|Any CPU
		{F9D76BA8-69A2-40A3-A178-C655D8261CD6}.Debug|Any CPU.ActiveCfg = Debug|Any CPU
		{F9D76BA8-69A2-40A3-A178-C655D8261CD6}.Debug|Any CPU.Build.0 = Debug|Any CPU
		{F9D76BA8-69A2-40A3-A178-C655D8261CD6}.Release|Any CPU.ActiveCfg = Release|Any CPU
		{F9D76BA8-69A2-40A3-A178-C655D8261CD6}.Release|Any CPU.Build.0 = Release|Any CPU
		{26035AC6-0550-482C-A3E3-3D2DE0DDF5DB}.Debug|Any CPU.ActiveCfg = Debug|Any CPU
		{26035AC6-0550-482C-A3E3-3D2DE0DDF5DB}.Debug|Any CPU.Build.0 = Debug|Any CPU
		{26035AC6-0550-482C-A3E3-3D2DE0DDF5DB}.Release|Any CPU.ActiveCfg = Release|Any CPU
		{26035AC6-0550-482C-A3E3-3D2DE0DDF5DB}.Release|Any CPU.Build.0 = Release|Any CPU
		{03547F52-37BE-42A7-A073-EA12C6F427D3}.Debug|Any CPU.ActiveCfg = Debug|Any CPU
		{03547F52-37BE-42A7-A073-EA12C6F427D3}.Debug|Any CPU.Build.0 = Debug|Any CPU
		{03547F52-37BE-42A7-A073-EA12C6F427D3}.Release|Any CPU.ActiveCfg = Release|Any CPU
		{03547F52-37BE-42A7-A073-EA12C6F427D3}.Release|Any CPU.Build.0 = Release|Any CPU
		{B83A9CB9-B527-49B6-A0F5-4C6836CA6186}.Debug|Any CPU.ActiveCfg = Debug|Any CPU
		{B83A9CB9-B527-49B6-A0F5-4C6836CA6186}.Debug|Any CPU.Build.0 = Debug|Any CPU
		{B83A9CB9-B527-49B6-A0F5-4C6836CA6186}.Release|Any CPU.ActiveCfg = Release|Any CPU
		{B83A9CB9-B527-49B6-A0F5-4C6836CA6186}.Release|Any CPU.Build.0 = Release|Any CPU
		{3854F6B1-ADD9-48C5-B9F1-34E99CDE788D}.Debug|Any CPU.ActiveCfg = Debug|Any CPU
		{3854F6B1-ADD9-48C5-B9F1-34E99CDE788D}.Debug|Any CPU.Build.0 = Debug|Any CPU
		{3854F6B1-ADD9-48C5-B9F1-34E99CDE788D}.Release|Any CPU.ActiveCfg = Release|Any CPU
		{3854F6B1-ADD9-48C5-B9F1-34E99CDE788D}.Release|Any CPU.Build.0 = Release|Any CPU
		{5B89225F-4C7B-489D-8B0D-A20D636DBF53}.Debug|Any CPU.ActiveCfg = Debug|Any CPU
		{5B89225F-4C7B-489D-8B0D-A20D636DBF53}.Debug|Any CPU.Build.0 = Debug|Any CPU
		{5B89225F-4C7B-489D-8B0D-A20D636DBF53}.Release|Any CPU.ActiveCfg = Release|Any CPU
		{5B89225F-4C7B-489D-8B0D-A20D636DBF53}.Release|Any CPU.Build.0 = Release|Any CPU
		{A13286C6-9CA7-46AD-B786-7EE702B77A6C}.Debug|Any CPU.ActiveCfg = Debug|Any CPU
		{A13286C6-9CA7-46AD-B786-7EE702B77A6C}.Debug|Any CPU.Build.0 = Debug|Any CPU
		{A13286C6-9CA7-46AD-B786-7EE702B77A6C}.Release|Any CPU.ActiveCfg = Release|Any CPU
		{A13286C6-9CA7-46AD-B786-7EE702B77A6C}.Release|Any CPU.Build.0 = Release|Any CPU
	EndGlobalSection
	GlobalSection(SolutionProperties) = preSolution
		HideSolutionNode = FALSE
	EndGlobalSection
	GlobalSection(NestedProjects) = preSolution
		{44D2D1A8-62EA-4B9E-9659-2C9F0624A705} = {8945436B-3A55-4BB4-B40A-94D717DFE26F}
		{3C65C84B-2691-4E7D-A525-D3CEEE797DFE} = {8945436B-3A55-4BB4-B40A-94D717DFE26F}
		{76FAF117-1399-40A8-8F28-47559E802732} = {8945436B-3A55-4BB4-B40A-94D717DFE26F}
		{EB5DF643-3A18-453A-99BA-E1FCCE09ADE4} = {497F5E9B-0CDC-436A-9809-EEC3527CF0D1}
		{06346E6F-E5A2-478F-A3CD-37FFEA87D578} = {497F5E9B-0CDC-436A-9809-EEC3527CF0D1}
		{A0160A00-4B7F-4421-A5EB-44A4FC33F683} = {497F5E9B-0CDC-436A-9809-EEC3527CF0D1}
		{AEE52B4F-4082-4AC7-A3D7-7F193EB3CB33} = {5A054B3C-3B81-42DB-AF48-DAEDCD898ADB}
		{18C48A3E-3451-4EFE-90AD-BF5B373168EF} = {5A054B3C-3B81-42DB-AF48-DAEDCD898ADB}
		{29AE2D7E-2847-421F-9392-7260A9DD47D6} = {5A054B3C-3B81-42DB-AF48-DAEDCD898ADB}
		{73F79B16-5486-4405-B22C-07854A174A5D} = {063663A7-870B-42F0-B680-19F21BED409C}
		{ADA4E6A3-D932-4166-9464-F11C38F7A89A} = {063663A7-870B-42F0-B680-19F21BED409C}
		{2B77B3D1-6AF4-4090-B6DD-2E34000C5A8D} = {063663A7-870B-42F0-B680-19F21BED409C}
		{76727345-0489-48E7-9159-08F896C31D0C} = {8C073B60-9CBB-4A35-BB36-3E9E395B0856}
		{7C15DF47-2DAB-4E54-933D-E81CF4E41B41} = {8C073B60-9CBB-4A35-BB36-3E9E395B0856}
		{F9D76BA8-69A2-40A3-A178-C655D8261CD6} = {8C073B60-9CBB-4A35-BB36-3E9E395B0856}
		{26035AC6-0550-482C-A3E3-3D2DE0DDF5DB} = {13319139-F04C-4085-B414-F395A4A9D97B}
		{03547F52-37BE-42A7-A073-EA12C6F427D3} = {13319139-F04C-4085-B414-F395A4A9D97B}
		{B83A9CB9-B527-49B6-A0F5-4C6836CA6186} = {13319139-F04C-4085-B414-F395A4A9D97B}
		{3854F6B1-ADD9-48C5-B9F1-34E99CDE788D} = {0EA092DE-2F0A-4E82-AC0C-D3293F6A30BB}
		{5B89225F-4C7B-489D-8B0D-A20D636DBF53} = {0EA092DE-2F0A-4E82-AC0C-D3293F6A30BB}
		{A13286C6-9CA7-46AD-B786-7EE702B77A6C} = {0EA092DE-2F0A-4E82-AC0C-D3293F6A30BB}
	EndGlobalSection
	GlobalSection(ExtensibilityGlobals) = postSolution
		SolutionGuid = {000C17B8-06A1-480E-8A2F-262DD6FAB473}
	EndGlobalSection
EndGlobal
