
Microsoft Visual Studio Solution File, Format Version 12.00
# Visual Studio Version 16
VisualStudioVersion = 16.0.33927.289
MinimumVisualStudioVersion = 10.0.40219.1
Project("{FAE04EC0-301F-11D3-BF4B-00C04F79EFBC}") = "Tyuiu.PustobaevDO.Sprint4.Task0.V6.Test", "Tyuiu.PustobaevDO.Sprint4.Task0.V6.Test\Tyuiu.PustobaevDO.Sprint4.Task0.V6.Test.csproj", "{44D2D1A8-62EA-4B9E-9659-2C9F0624A705}"
EndProject
Project("{FAE04EC0-301F-11D3-BF4B-00C04F79EFBC}") = "Tyuiu.PustobaevDO.Sprint4.Task0.V6.Lib", "Tyuiu.PustobaevDO.Sprint4.Task0.V6.Lib\Tyuiu.PustobaevDO.Sprint4.Task0.V6.Lib.csproj", "{3C65C84B-2691-4E7D-A525-D3CEEE797DFE}"
EndProject
Project("{FAE04EC0-301F-11D3-BF4B-00C04F79EFBC}") = "Tyuiu.PustobaevDO.Sprint4.Task0.V6", "Tyuiu.PustobaevDO.Sprint4.Task0.V6\Tyuiu.PustobaevDO.Sprint4.Task0.V6.csproj", "{76FAF117-1399-40A8-8F28-47559E802732}"
EndProject
Global
	GlobalSection(SolutionConfigurationPlatforms) = preSolution
		Debug|Any CPU = Debug|Any CPU
		Release|Any CPU = Release|Any CPU
	EndGlobalSection
	GlobalSection(ProjectConfigurationPlatforms) = postSolution
		{44D2D1A8-62EA-4B9E-9659-2C9F0624A705}.Debug|Any CPU.ActiveCfg = Debug|Any CPU
		{44D2D1A8-62EA-4B9E-9659-2C9F0624A705}.Debug|Any CPU.Build.0 = Debug|Any CPU
		{44D2D1A8-62EA-4B9E-9659-2C9F0624A705}.Release|Any CPU.ActiveCfg = Release|Any CPU
		{44D2D1A8-62EA-4B9E-9659-2C9F0624A705}.Release|Any CPU.Build.0 = Release|Any CPU
		{3C65C84B-2691-4E7D-A525-D3CEEE797DFE}.Debug|Any CPU.ActiveCfg = Debug|Any CPU
		{3C65C84B-2691-4E7D-A525-D3CEEE797DFE}.Debug|Any CPU.Build.0 = Debug|Any CPU
		{3C65C84B-2691-4E7D-A525-D3CEEE797DFE}.Release|Any CPU.ActiveCfg = Release|Any CPU
		{3C65C84B-2691-4E7D-A525-D3CEEE797DFE}.Release|Any CPU.Build.0 = Release|Any CPU
		{76FAF117-1399-40A8-8F28-47559E802732}.Debug|Any CPU.ActiveCfg = Debug|Any CPU
		{76FAF117-1399-40A8-8F28-47559E802732}.Debug|Any CPU.Build.0 = Debug|Any CPU
		{76FAF117-1399-40A8-8F28-47559E802732}.Release|Any CPU.ActiveCfg = Release|Any CPU
		{76FAF117-1399-40A8-8F28-47559E802732}.Release|Any CPU.Build.0 = Release|Any CPU
	EndGlobalSection
	GlobalSection(SolutionProperties) = preSolution
		HideSolutionNode = FALSE
	EndGlobalSection
	GlobalSection(ExtensibilityGlobals) = postSolution
		SolutionGuid = {000C17B8-06A1-480E-8A2F-262DD6FAB473}
	EndGlobalSection
EndGlobal
